
Microsoft Visual Studio Solution File, Format Version 12.00
# Visual Studio 15
VisualStudioVersion = 15.0.27130.2027
MinimumVisualStudioVersion = 10.0.40219.1
Project("{FAE04EC0-301F-11D3-BF4B-00C04F79EFBC}") = "Udemy", "Udemy\Udemy.csproj", "{07B71E6D-7944-4868-9148-B000B7720089}"
EndProject
Global
	GlobalSection(SolutionConfigurationPlatforms) = preSolution
		Debug|Any CPU = Debug|Any CPU
		Release|Any CPU = Release|Any CPU
	EndGlobalSection
	GlobalSection(ProjectConfigurationPlatforms) = postSolution
		{07B71E6D-7944-4868-9148-B000B7720089}.Debug|Any CPU.ActiveCfg = Debug|Any CPU
		{07B71E6D-7944-4868-9148-B000B7720089}.Debug|Any CPU.Build.0 = Debug|Any CPU
		{07B71E6D-7944-4868-9148-B000B7720089}.Release|Any CPU.ActiveCfg = Release|Any CPU
		{07B71E6D-7944-4868-9148-B000B7720089}.Release|Any CPU.Build.0 = Release|Any CPU
	EndGlobalSection
	GlobalSection(SolutionProperties) = preSolution
		HideSolutionNode = FALSE
	EndGlobalSection
	GlobalSection(ExtensibilityGlobals) = postSolution
		SolutionGuid = {63C60A70-A274-4FA9-A030-6BA83672A29E}
	EndGlobalSection
EndGlobal
